
Microsoft Visual Studio Solution File, Format Version 12.00
# Visual Studio Version 17
VisualStudioVersion = 17.5.33516.290
MinimumVisualStudioVersion = 10.0.40219.1
Project("{FAE04EC0-301F-11D3-BF4B-00C04F79EFBC}") = "MvcMovie", "MvcMovie\MvcMovie.csproj", "{15A58099-F854-475E-A77F-00444B36742A}"
EndProject
Global
	GlobalSection(SolutionConfigurationPlatforms) = preSolution
		Debug|Any CPU = Debug|Any CPU
		Release|Any CPU = Release|Any CPU
	EndGlobalSection
	GlobalSection(ProjectConfigurationPlatforms) = postSolution
		{15A58099-F854-475E-A77F-00444B36742A}.Debug|Any CPU.ActiveCfg = Debug|Any CPU
		{15A58099-F854-475E-A77F-00444B36742A}.Debug|Any CPU.Build.0 = Debug|Any CPU
		{15A58099-F854-475E-A77F-00444B36742A}.Release|Any CPU.ActiveCfg = Release|Any CPU
		{15A58099-F854-475E-A77F-00444B36742A}.Release|Any CPU.Build.0 = Release|Any CPU
	EndGlobalSection
	GlobalSection(SolutionProperties) = preSolution
		HideSolutionNode = FALSE
	EndGlobalSection
	GlobalSection(ExtensibilityGlobals) = postSolution
		SolutionGuid = {FB3B3092-4C61-4238-A631-686E574A30B9}
	EndGlobalSection
EndGlobal
